
Microsoft Visual Studio Solution File, Format Version 12.00
# Visual Studio Version 16
VisualStudioVersion = 16.0.30002.166
MinimumVisualStudioVersion = 10.0.40219.1
Project("{FAE04EC0-301F-11D3-BF4B-00C04F79EFBC}") = "Milk.LinkedList", "Milk.LinkedList\Milk.LinkedList.csproj", "{5AD57348-6E48-4CEC-9C75-84ED673318F7}"
EndProject
Project("{FAE04EC0-301F-11D3-BF4B-00C04F79EFBC}") = "MilkLinkedListTests", "MilkLinkedListTests\MilkLinkedListTests.csproj", "{AB563189-3280-421D-8E9A-D930F674C41D}"
EndProject
Global
	GlobalSection(SolutionConfigurationPlatforms) = preSolution
		Debug|Any CPU = Debug|Any CPU
		Release|Any CPU = Release|Any CPU
	EndGlobalSection
	GlobalSection(ProjectConfigurationPlatforms) = postSolution
		{5AD57348-6E48-4CEC-9C75-84ED673318F7}.Debug|Any CPU.ActiveCfg = Debug|Any CPU
		{5AD57348-6E48-4CEC-9C75-84ED673318F7}.Debug|Any CPU.Build.0 = Debug|Any CPU
		{5AD57348-6E48-4CEC-9C75-84ED673318F7}.Release|Any CPU.ActiveCfg = Release|Any CPU
		{5AD57348-6E48-4CEC-9C75-84ED673318F7}.Release|Any CPU.Build.0 = Release|Any CPU
		{AB563189-3280-421D-8E9A-D930F674C41D}.Debug|Any CPU.ActiveCfg = Debug|Any CPU
		{AB563189-3280-421D-8E9A-D930F674C41D}.Debug|Any CPU.Build.0 = Debug|Any CPU
		{AB563189-3280-421D-8E9A-D930F674C41D}.Release|Any CPU.ActiveCfg = Release|Any CPU
		{AB563189-3280-421D-8E9A-D930F674C41D}.Release|Any CPU.Build.0 = Release|Any CPU
	EndGlobalSection
	GlobalSection(SolutionProperties) = preSolution
		HideSolutionNode = FALSE
	EndGlobalSection
	GlobalSection(ExtensibilityGlobals) = postSolution
		SolutionGuid = {E9A1ECF3-EA2D-4B83-BD59-D449BD935FB7}
	EndGlobalSection
EndGlobal
